
Microsoft Visual Studio Solution File, Format Version 12.00
# Visual Studio Version 17
VisualStudioVersion = 17.7.34024.191
MinimumVisualStudioVersion = 10.0.40219.1
Project("{FAE04EC0-301F-11D3-BF4B-00C04F79EFBC}") = "CarRentalSystem", "CarRentalSystem\CarRentalSystem.csproj", "{1FEB06E5-0FC8-4600-B7B8-6BD2325D44EB}"
EndProject
Global
	GlobalSection(SolutionConfigurationPlatforms) = preSolution
		Debug|Any CPU = Debug|Any CPU
		Release|Any CPU = Release|Any CPU
	EndGlobalSection
	GlobalSection(ProjectConfigurationPlatforms) = postSolution
		{1FEB06E5-0FC8-4600-B7B8-6BD2325D44EB}.Debug|Any CPU.ActiveCfg = Debug|Any CPU
		{1FEB06E5-0FC8-4600-B7B8-6BD2325D44EB}.Debug|Any CPU.Build.0 = Debug|Any CPU
		{1FEB06E5-0FC8-4600-B7B8-6BD2325D44EB}.Release|Any CPU.ActiveCfg = Release|Any CPU
		{1FEB06E5-0FC8-4600-B7B8-6BD2325D44EB}.Release|Any CPU.Build.0 = Release|Any CPU
	EndGlobalSection
	GlobalSection(SolutionProperties) = preSolution
		HideSolutionNode = FALSE
	EndGlobalSection
	GlobalSection(ExtensibilityGlobals) = postSolution
		SolutionGuid = {21F05594-0A16-49E0-A222-7528AC0AF9B8}
	EndGlobalSection
EndGlobal
